// !$*UTF8*$!
{
	archiveVersion = 1;
	classes = {
	};
	objectVersion = 51;
	objects = {

/* Begin PBXBuildFile section */
		80DB69F726A1FD6D0037E401 /* AppDelegate.swift in Sources */ = {isa = PBXBuildFile; fileRef = 80DB69F626A1FD6D0037E401 /* AppDelegate.swift */; };
		80DB69F926A1FD6D0037E401 /* SceneDelegate.swift in Sources */ = {isa = PBXBuildFile; fileRef = 80DB69F826A1FD6D0037E401 /* SceneDelegate.swift */; };
		80DB69FE26A1FD6D0037E401 /* Main.storyboard in Resources */ = {isa = PBXBuildFile; fileRef = 80DB69FC26A1FD6D0037E401 /* Main.storyboard */; };
		80DB6A0026A1FD700037E401 /* Assets.xcassets in Resources */ = {isa = PBXBuildFile; fileRef = 80DB69FF26A1FD700037E401 /* Assets.xcassets */; };
		80DB6A0326A1FD700037E401 /* LaunchScreen.storyboard in Resources */ = {isa = PBXBuildFile; fileRef = 80DB6A0126A1FD700037E401 /* LaunchScreen.storyboard */; };
		80DB6A1026A1FDF80037E401 /* UIView+AnchoredConstraints.swift in Sources */ = {isa = PBXBuildFile; fileRef = 80DB6A0F26A1FDF80037E401 /* UIView+AnchoredConstraints.swift */; };
		80DB6A1226A1FF160037E401 /* StackViewExtension.swift in Sources */ = {isa = PBXBuildFile; fileRef = 80DB6A1126A1FF160037E401 /* StackViewExtension.swift */; };
		80DB6A1426A1FF4D0037E401 /* UILabel+Style.swift in Sources */ = {isa = PBXBuildFile; fileRef = 80DB6A1326A1FF4D0037E401 /* UILabel+Style.swift */; };
		80DB6A1626A1FFFE0037E401 /* SeatGeekAPI.swift in Sources */ = {isa = PBXBuildFile; fileRef = 80DB6A1526A1FFFE0037E401 /* SeatGeekAPI.swift */; };
		80DB6A1826A2A3400037E401 /* SearchResult.swift in Sources */ = {isa = PBXBuildFile; fileRef = 80DB6A1726A2A3400037E401 /* SearchResult.swift */; };
		80DB6A1A26A2A6890037E401 /* SearchEventsViewController.swift in Sources */ = {isa = PBXBuildFile; fileRef = 80DB6A1926A2A6890037E401 /* SearchEventsViewController.swift */; };
		80DB6A1D26A2A7A10037E401 /* EventCell.swift in Sources */ = {isa = PBXBuildFile; fileRef = 80DB6A1C26A2A7A10037E401 /* EventCell.swift */; };
		80DB6A1F26A2A9D10037E401 /* UIImageView+Style.swift in Sources */ = {isa = PBXBuildFile; fileRef = 80DB6A1E26A2A9D10037E401 /* UIImageView+Style.swift */; };
		80DB6A2126A2B2D30037E401 /* CALayer+Shadow.swift in Sources */ = {isa = PBXBuildFile; fileRef = 80DB6A2026A2B2D30037E401 /* CALayer+Shadow.swift */; };
		80DB6A2326A2CEB30037E401 /* Date+Helper.swift in Sources */ = {isa = PBXBuildFile; fileRef = 80DB6A2226A2CEB30037E401 /* Date+Helper.swift */; };
		ABAADCE934274ACCB85A8292 /* Pods_SeatGeekDemo.framework in Frameworks */ = {isa = PBXBuildFile; fileRef = 077045E94802D5AF3E728EE8 /* Pods_SeatGeekDemo.framework */; };
/* End PBXBuildFile section */

/* Begin PBXFileReference section */
		077045E94802D5AF3E728EE8 /* Pods_SeatGeekDemo.framework */ = {isa = PBXFileReference; explicitFileType = wrapper.framework; includeInIndex = 0; path = Pods_SeatGeekDemo.framework; sourceTree = BUILT_PRODUCTS_DIR; };
		80DB69F326A1FD6D0037E401 /* SeatGeekDemo.app */ = {isa = PBXFileReference; explicitFileType = wrapper.application; includeInIndex = 0; path = SeatGeekDemo.app; sourceTree = BUILT_PRODUCTS_DIR; };
		80DB69F626A1FD6D0037E401 /* AppDelegate.swift */ = {isa = PBXFileReference; lastKnownFileType = sourcecode.swift; path = AppDelegate.swift; sourceTree = "<group>"; };
		80DB69F826A1FD6D0037E401 /* SceneDelegate.swift */ = {isa = PBXFileReference; lastKnownFileType = sourcecode.swift; path = SceneDelegate.swift; sourceTree = "<group>"; };
		80DB69FD26A1FD6D0037E401 /* Base */ = {isa = PBXFileReference; lastKnownFileType = file.storyboard; name = Base; path = Base.lproj/Main.storyboard; sourceTree = "<group>"; };
		80DB69FF26A1FD700037E401 /* Assets.xcassets */ = {isa = PBXFileReference; lastKnownFileType = folder.assetcatalog; path = Assets.xcassets; sourceTree = "<group>"; };
		80DB6A0226A1FD700037E401 /* Base */ = {isa = PBXFileReference; lastKnownFileType = file.storyboard; name = Base; path = Base.lproj/LaunchScreen.storyboard; sourceTree = "<group>"; };
		80DB6A0426A1FD700037E401 /* Info.plist */ = {isa = PBXFileReference; lastKnownFileType = text.plist.xml; path = Info.plist; sourceTree = "<group>"; };
		80DB6A0F26A1FDF80037E401 /* UIView+AnchoredConstraints.swift */ = {isa = PBXFileReference; lastKnownFileType = sourcecode.swift; path = "UIView+AnchoredConstraints.swift"; sourceTree = "<group>"; };
		80DB6A1126A1FF160037E401 /* StackViewExtension.swift */ = {isa = PBXFileReference; lastKnownFileType = sourcecode.swift; path = StackViewExtension.swift; sourceTree = "<group>"; };
		80DB6A1326A1FF4D0037E401 /* UILabel+Style.swift */ = {isa = PBXFileReference; lastKnownFileType = sourcecode.swift; path = "UILabel+Style.swift"; sourceTree = "<group>"; };
		80DB6A1526A1FFFE0037E401 /* SeatGeekAPI.swift */ = {isa = PBXFileReference; lastKnownFileType = sourcecode.swift; path = SeatGeekAPI.swift; sourceTree = "<group>"; };
		80DB6A1726A2A3400037E401 /* SearchResult.swift */ = {isa = PBXFileReference; lastKnownFileType = sourcecode.swift; path = SearchResult.swift; sourceTree = "<group>"; };
		80DB6A1926A2A6890037E401 /* SearchEventsViewController.swift */ = {isa = PBXFileReference; lastKnownFileType = sourcecode.swift; path = SearchEventsViewController.swift; sourceTree = "<group>"; };
		80DB6A1C26A2A7A10037E401 /* EventCell.swift */ = {isa = PBXFileReference; lastKnownFileType = sourcecode.swift; path = EventCell.swift; sourceTree = "<group>"; };
		80DB6A1E26A2A9D10037E401 /* UIImageView+Style.swift */ = {isa = PBXFileReference; lastKnownFileType = sourcecode.swift; path = "UIImageView+Style.swift"; sourceTree = "<group>"; };
		80DB6A2026A2B2D30037E401 /* CALayer+Shadow.swift */ = {isa = PBXFileReference; lastKnownFileType = sourcecode.swift; path = "CALayer+Shadow.swift"; sourceTree = "<group>"; };
		80DB6A2226A2CEB30037E401 /* Date+Helper.swift */ = {isa = PBXFileReference; lastKnownFileType = sourcecode.swift; path = "Date+Helper.swift"; sourceTree = "<group>"; };
		C454F5494BD818D74D4E43C0 /* Pods-SeatGeekDemo.debug.xcconfig */ = {isa = PBXFileReference; includeInIndex = 1; lastKnownFileType = text.xcconfig; name = "Pods-SeatGeekDemo.debug.xcconfig"; path = "Target Support Files/Pods-SeatGeekDemo/Pods-SeatGeekDemo.debug.xcconfig"; sourceTree = "<group>"; };
		EC883C9FC28F294E30249451 /* Pods-SeatGeekDemo.release.xcconfig */ = {isa = PBXFileReference; includeInIndex = 1; lastKnownFileType = text.xcconfig; name = "Pods-SeatGeekDemo.release.xcconfig"; path = "Target Support Files/Pods-SeatGeekDemo/Pods-SeatGeekDemo.release.xcconfig"; sourceTree = "<group>"; };
/* End PBXFileReference section */

/* Begin PBXFrameworksBuildPhase section */
		80DB69F026A1FD6D0037E401 /* Frameworks */ = {
			isa = PBXFrameworksBuildPhase;
			buildActionMask = 2147483647;
			files = (
				ABAADCE934274ACCB85A8292 /* Pods_SeatGeekDemo.framework in Frameworks */,
			);
			runOnlyForDeploymentPostprocessing = 0;
		};
/* End PBXFrameworksBuildPhase section */

/* Begin PBXGroup section */
		11083CCFD5663D59A49CCE49 /* Frameworks */ = {
			isa = PBXGroup;
			children = (
				077045E94802D5AF3E728EE8 /* Pods_SeatGeekDemo.framework */,
			);
			name = Frameworks;
			sourceTree = "<group>";
		};
		80DB69EA26A1FD6D0037E401 = {
			isa = PBXGroup;
			children = (
				80DB69F526A1FD6D0037E401 /* SeatGeekDemo */,
				80DB69F426A1FD6D0037E401 /* Products */,
				BE5303EC29868C393F348EE1 /* Pods */,
				11083CCFD5663D59A49CCE49 /* Frameworks */,
			);
			sourceTree = "<group>";
		};
		80DB69F426A1FD6D0037E401 /* Products */ = {
			isa = PBXGroup;
			children = (
				80DB69F326A1FD6D0037E401 /* SeatGeekDemo.app */,
			);
			name = Products;
			sourceTree = "<group>";
		};
		80DB69F526A1FD6D0037E401 /* SeatGeekDemo */ = {
			isa = PBXGroup;
			children = (
				80DB6A0A26A1FDAF0037E401 /* User Interface */,
				80DB6A0B26A1FDB60037E401 /* Views */,
				80DB6A0C26A1FDBC0037E401 /* Model */,
				80DB6A0D26A1FDC10037E401 /* API */,
				80DB6A0E26A1FDCD0037E401 /* Extensions */,
				80DB69F626A1FD6D0037E401 /* AppDelegate.swift */,
				80DB69F826A1FD6D0037E401 /* SceneDelegate.swift */,
				80DB69FC26A1FD6D0037E401 /* Main.storyboard */,
				80DB69FF26A1FD700037E401 /* Assets.xcassets */,
				80DB6A0126A1FD700037E401 /* LaunchScreen.storyboard */,
				80DB6A0426A1FD700037E401 /* Info.plist */,
			);
			path = SeatGeekDemo;
			sourceTree = "<group>";
		};
		80DB6A0A26A1FDAF0037E401 /* User Interface */ = {
			isa = PBXGroup;
			children = (
				80DB6A1B26A2A6AC0037E401 /* Search */,
			);
			path = "User Interface";
			sourceTree = "<group>";
		};
		80DB6A0B26A1FDB60037E401 /* Views */ = {
			isa = PBXGroup;
			children = (
			);
			path = Views;
			sourceTree = "<group>";
		};
		80DB6A0C26A1FDBC0037E401 /* Model */ = {
			isa = PBXGroup;
			children = (
				80DB6A1726A2A3400037E401 /* SearchResult.swift */,
			);
			path = Model;
			sourceTree = "<group>";
		};
		80DB6A0D26A1FDC10037E401 /* API */ = {
			isa = PBXGroup;
			children = (
				80DB6A1526A1FFFE0037E401 /* SeatGeekAPI.swift */,
			);
			path = API;
			sourceTree = "<group>";
		};
		80DB6A0E26A1FDCD0037E401 /* Extensions */ = {
			isa = PBXGroup;
			children = (
				80DB6A0F26A1FDF80037E401 /* UIView+AnchoredConstraints.swift */,
				80DB6A1126A1FF160037E401 /* StackViewExtension.swift */,
				80DB6A1326A1FF4D0037E401 /* UILabel+Style.swift */,
				80DB6A1E26A2A9D10037E401 /* UIImageView+Style.swift */,
				80DB6A2026A2B2D30037E401 /* CALayer+Shadow.swift */,
				80DB6A2226A2CEB30037E401 /* Date+Helper.swift */,
			);
			path = Extensions;
			sourceTree = "<group>";
		};
		80DB6A1B26A2A6AC0037E401 /* Search */ = {
			isa = PBXGroup;
			children = (
				80DB6A1926A2A6890037E401 /* SearchEventsViewController.swift */,
				80DB6A1C26A2A7A10037E401 /* EventCell.swift */,
			);
			path = Search;
			sourceTree = "<group>";
		};
		BE5303EC29868C393F348EE1 /* Pods */ = {
			isa = PBXGroup;
			children = (
				C454F5494BD818D74D4E43C0 /* Pods-SeatGeekDemo.debug.xcconfig */,
				EC883C9FC28F294E30249451 /* Pods-SeatGeekDemo.release.xcconfig */,
			);
			path = Pods;
			sourceTree = "<group>";
		};
/* End PBXGroup section */

/* Begin PBXNativeTarget section */
		80DB69F226A1FD6D0037E401 /* SeatGeekDemo */ = {
			isa = PBXNativeTarget;
			buildConfigurationList = 80DB6A0726A1FD700037E401 /* Build configuration list for PBXNativeTarget "SeatGeekDemo" */;
			buildPhases = (
				4CEF574FD07F404160ED0A60 /* [CP] Check Pods Manifest.lock */,
				80DB69EF26A1FD6D0037E401 /* Sources */,
				80DB69F026A1FD6D0037E401 /* Frameworks */,
				80DB69F126A1FD6D0037E401 /* Resources */,
				B63E3A030E3B8BE6995C8021 /* [CP] Embed Pods Frameworks */,
			);
			buildRules = (
			);
			dependencies = (
			);
			name = SeatGeekDemo;
			productName = SeatGeekDemo;
			productReference = 80DB69F326A1FD6D0037E401 /* SeatGeekDemo.app */;
			productType = "com.apple.product-type.application";
		};
/* End PBXNativeTarget section */

/* Begin PBXProject section */
		80DB69EB26A1FD6D0037E401 /* Project object */ = {
			isa = PBXProject;
			attributes = {
				LastSwiftUpdateCheck = 1250;
				LastUpgradeCheck = 1250;
				TargetAttributes = {
					80DB69F226A1FD6D0037E401 = {
						CreatedOnToolsVersion = 12.5;
					};
				};
			};
			buildConfigurationList = 80DB69EE26A1FD6D0037E401 /* Build configuration list for PBXProject "SeatGeekDemo" */;
			compatibilityVersion = "Xcode 9.3";
			developmentRegion = en;
			hasScannedForEncodings = 0;
			knownRegions = (
				en,
				Base,
			);
			mainGroup = 80DB69EA26A1FD6D0037E401;
			productRefGroup = 80DB69F426A1FD6D0037E401 /* Products */;
			projectDirPath = "";
			projectRoot = "";
			targets = (
				80DB69F226A1FD6D0037E401 /* SeatGeekDemo */,
			);
		};
/* End PBXProject section */

/* Begin PBXResourcesBuildPhase section */
		80DB69F126A1FD6D0037E401 /* Resources */ = {
			isa = PBXResourcesBuildPhase;
			buildActionMask = 2147483647;
			files = (
				80DB6A0326A1FD700037E401 /* LaunchScreen.storyboard in Resources */,
				80DB6A0026A1FD700037E401 /* Assets.xcassets in Resources */,
				80DB69FE26A1FD6D0037E401 /* Main.storyboard in Resources */,
			);
			runOnlyForDeploymentPostprocessing = 0;
		};
/* End PBXResourcesBuildPhase section */

/* Begin PBXShellScriptBuildPhase section */
		4CEF574FD07F404160ED0A60 /* [CP] Check Pods Manifest.lock */ = {
			isa = PBXShellScriptBuildPhase;
			buildActionMask = 2147483647;
			files = (
			);
			inputFileListPaths = (
			);
			inputPaths = (
				"${PODS_PODFILE_DIR_PATH}/Podfile.lock",
				"${PODS_ROOT}/Manifest.lock",
			);
			name = "[CP] Check Pods Manifest.lock";
			outputFileListPaths = (
			);
			outputPaths = (
				"$(DERIVED_FILE_DIR)/Pods-SeatGeekDemo-checkManifestLockResult.txt",
			);
			runOnlyForDeploymentPostprocessing = 0;
			shellPath = /bin/sh;
			shellScript = "diff \"${PODS_PODFILE_DIR_PATH}/Podfile.lock\" \"${PODS_ROOT}/Manifest.lock\" > /dev/null\nif [ $? != 0 ] ; then\n    # print error to STDERR\n    echo \"error: The sandbox is not in sync with the Podfile.lock. Run 'pod install' or update your CocoaPods installation.\" >&2\n    exit 1\nfi\n# This output is used by Xcode 'outputs' to avoid re-running this script phase.\necho \"SUCCESS\" > \"${SCRIPT_OUTPUT_FILE_0}\"\n";
			showEnvVarsInLog = 0;
		};
		B63E3A030E3B8BE6995C8021 /* [CP] Embed Pods Frameworks */ = {
			isa = PBXShellScriptBuildPhase;
			buildActionMask = 2147483647;
			files = (
			);
			inputFileListPaths = (
				"${PODS_ROOT}/Target Support Files/Pods-SeatGeekDemo/Pods-SeatGeekDemo-frameworks-${CONFIGURATION}-input-files.xcfilelist",
			);
			name = "[CP] Embed Pods Frameworks";
			outputFileListPaths = (
				"${PODS_ROOT}/Target Support Files/Pods-SeatGeekDemo/Pods-SeatGeekDemo-frameworks-${CONFIGURATION}-output-files.xcfilelist",
			);
			runOnlyForDeploymentPostprocessing = 0;
			shellPath = /bin/sh;
			shellScript = "\"${PODS_ROOT}/Target Support Files/Pods-SeatGeekDemo/Pods-SeatGeekDemo-frameworks.sh\"\n";
			showEnvVarsInLog = 0;
		};
/* End PBXShellScriptBuildPhase section */

/* Begin PBXSourcesBuildPhase section */
		80DB69EF26A1FD6D0037E401 /* Sources */ = {
			isa = PBXSourcesBuildPhase;
			buildActionMask = 2147483647;
			files = (
				80DB69F726A1FD6D0037E401 /* AppDelegate.swift in Sources */,
				80DB6A1826A2A3400037E401 /* SearchResult.swift in Sources */,
				80DB6A1F26A2A9D10037E401 /* UIImageView+Style.swift in Sources */,
				80DB6A1626A1FFFE0037E401 /* SeatGeekAPI.swift in Sources */,
				80DB6A2126A2B2D30037E401 /* CALayer+Shadow.swift in Sources */,
				80DB6A1D26A2A7A10037E401 /* EventCell.swift in Sources */,
				80DB6A1426A1FF4D0037E401 /* UILabel+Style.swift in Sources */,
				80DB6A1A26A2A6890037E401 /* SearchEventsViewController.swift in Sources */,
				80DB6A1026A1FDF80037E401 /* UIView+AnchoredConstraints.swift in Sources */,
				80DB69F926A1FD6D0037E401 /* SceneDelegate.swift in Sources */,
				80DB6A1226A1FF160037E401 /* StackViewExtension.swift in Sources */,
				80DB6A2326A2CEB30037E401 /* Date+Helper.swift in Sources */,
			);
			runOnlyForDeploymentPostprocessing = 0;
		};
/* End PBXSourcesBuildPhase section */

/* Begin PBXVariantGroup section */
		80DB69FC26A1FD6D0037E401 /* Main.storyboard */ = {
			isa = PBXVariantGroup;
			children = (
				80DB69FD26A1FD6D0037E401 /* Base */,
			);
			name = Main.storyboard;
			sourceTree = "<group>";
		};
		80DB6A0126A1FD700037E401 /* LaunchScreen.storyboard */ = {
			isa = PBXVariantGroup;
			children = (
				80DB6A0226A1FD700037E401 /* Base */,
			);
			name = LaunchScreen.storyboard;
			sourceTree = "<group>";
		};
/* End PBXVariantGroup section */

/* Begin XCBuildConfiguration section */
		80DB6A0526A1FD700037E401 /* Debug */ = {
			isa = XCBuildConfiguration;
			buildSettings = {
				ALWAYS_SEARCH_USER_PATHS = NO;
				CLANG_ANALYZER_NONNULL = YES;
				CLANG_ANALYZER_NUMBER_OBJECT_CONVERSION = YES_AGGRESSIVE;
				CLANG_CXX_LANGUAGE_STANDARD = "gnu++14";
				CLANG_CXX_LIBRARY = "libc++";
				CLANG_ENABLE_MODULES = YES;
				CLANG_ENABLE_OBJC_ARC = YES;
				CLANG_ENABLE_OBJC_WEAK = YES;
				CLANG_WARN_BLOCK_CAPTURE_AUTORELEASING = YES;
				CLANG_WARN_BOOL_CONVERSION = YES;
				CLANG_WARN_COMMA = YES;
				CLANG_WARN_CONSTANT_CONVERSION = YES;
				CLANG_WARN_DEPRECATED_OBJC_IMPLEMENTATIONS = YES;
				CLANG_WARN_DIRECT_OBJC_ISA_USAGE = YES_ERROR;
				CLANG_WARN_DOCUMENTATION_COMMENTS = YES;
				CLANG_WARN_EMPTY_BODY = YES;
				CLANG_WARN_ENUM_CONVERSION = YES;
				CLANG_WARN_INFINITE_RECURSION = YES;
				CLANG_WARN_INT_CONVERSION = YES;
				CLANG_WARN_NON_LITERAL_NULL_CONVERSION = YES;
				CLANG_WARN_OBJC_IMPLICIT_RETAIN_SELF = YES;
				CLANG_WARN_OBJC_LITERAL_CONVERSION = YES;
				CLANG_WARN_OBJC_ROOT_CLASS = YES_ERROR;
				CLANG_WARN_QUOTED_INCLUDE_IN_FRAMEWORK_HEADER = YES;
				CLANG_WARN_RANGE_LOOP_ANALYSIS = YES;
				CLANG_WARN_STRICT_PROTOTYPES = YES;
				CLANG_WARN_SUSPICIOUS_MOVE = YES;
				CLANG_WARN_UNGUARDED_AVAILABILITY = YES_AGGRESSIVE;
				CLANG_WARN_UNREACHABLE_CODE = YES;
				CLANG_WARN__DUPLICATE_METHOD_MATCH = YES;
				COPY_PHASE_STRIP = NO;
				DEBUG_INFORMATION_FORMAT = dwarf;
				ENABLE_STRICT_OBJC_MSGSEND = YES;
				ENABLE_TESTABILITY = YES;
				GCC_C_LANGUAGE_STANDARD = gnu11;
				GCC_DYNAMIC_NO_PIC = NO;
				GCC_NO_COMMON_BLOCKS = YES;
				GCC_OPTIMIZATION_LEVEL = 0;
				GCC_PREPROCESSOR_DEFINITIONS = (
					"DEBUG=1",
					"$(inherited)",
				);
				GCC_WARN_64_TO_32_BIT_CONVERSION = YES;
				GCC_WARN_ABOUT_RETURN_TYPE = YES_ERROR;
				GCC_WARN_UNDECLARED_SELECTOR = YES;
				GCC_WARN_UNINITIALIZED_AUTOS = YES_AGGRESSIVE;
				GCC_WARN_UNUSED_FUNCTION = YES;
				GCC_WARN_UNUSED_VARIABLE = YES;
				IPHONEOS_DEPLOYMENT_TARGET = 14.5;
				MTL_ENABLE_DEBUG_INFO = INCLUDE_SOURCE;
				MTL_FAST_MATH = YES;
				ONLY_ACTIVE_ARCH = YES;
				SDKROOT = iphoneos;
				SWIFT_ACTIVE_COMPILATION_CONDITIONS = DEBUG;
				SWIFT_OPTIMIZATION_LEVEL = "-Onone";
			};
			name = Debug;
		};
		80DB6A0626A1FD700037E401 /* Release */ = {
			isa = XCBuildConfiguration;
			buildSettings = {
				ALWAYS_SEARCH_USER_PATHS = NO;
				CLANG_ANALYZER_NONNULL = YES;
				CLANG_ANALYZER_NUMBER_OBJECT_CONVERSION = YES_AGGRESSIVE;
				CLANG_CXX_LANGUAGE_STANDARD = "gnu++14";
				CLANG_CXX_LIBRARY = "libc++";
				CLANG_ENABLE_MODULES = YES;
				CLANG_ENABLE_OBJC_ARC = YES;
				CLANG_ENABLE_OBJC_WEAK = YES;
				CLANG_WARN_BLOCK_CAPTURE_AUTORELEASING = YES;
				CLANG_WARN_BOOL_CONVERSION = YES;
				CLANG_WARN_COMMA = YES;
				CLANG_WARN_CONSTANT_CONVERSION = YES;
				CLANG_WARN_DEPRECATED_OBJC_IMPLEMENTATIONS = YES;
				CLANG_WARN_DIRECT_OBJC_ISA_USAGE = YES_ERROR;
				CLANG_WARN_DOCUMENTATION_COMMENTS = YES;
				CLANG_WARN_EMPTY_BODY = YES;
				CLANG_WARN_ENUM_CONVERSION = YES;
				CLANG_WARN_INFINITE_RECURSION = YES;
				CLANG_WARN_INT_CONVERSION = YES;
				CLANG_WARN_NON_LITERAL_NULL_CONVERSION = YES;
				CLANG_WARN_OBJC_IMPLICIT_RETAIN_SELF = YES;
				CLANG_WARN_OBJC_LITERAL_CONVERSION = YES;
				CLANG_WARN_OBJC_ROOT_CLASS = YES_ERROR;
				CLANG_WARN_QUOTED_INCLUDE_IN_FRAMEWORK_HEADER = YES;
				CLANG_WARN_RANGE_LOOP_ANALYSIS = YES;
				CLANG_WARN_STRICT_PROTOTYPES = YES;
				CLANG_WARN_SUSPICIOUS_MOVE = YES;
				CLANG_WARN_UNGUARDED_AVAILABILITY = YES_AGGRESSIVE;
				CLANG_WARN_UNREACHABLE_CODE = YES;
				CLANG_WARN__DUPLICATE_METHOD_MATCH = YES;
				COPY_PHASE_STRIP = NO;
				DEBUG_INFORMATION_FORMAT = "dwarf-with-dsym";
				ENABLE_NS_ASSERTIONS = NO;
				ENABLE_STRICT_OBJC_MSGSEND = YES;
				GCC_C_LANGUAGE_STANDARD = gnu11;
				GCC_NO_COMMON_BLOCKS = YES;
				GCC_WARN_64_TO_32_BIT_CONVERSION = YES;
				GCC_WARN_ABOUT_RETURN_TYPE = YES_ERROR;
				GCC_WARN_UNDECLARED_SELECTOR = YES;
				GCC_WARN_UNINITIALIZED_AUTOS = YES_AGGRESSIVE;
				GCC_WARN_UNUSED_FUNCTION = YES;
				GCC_WARN_UNUSED_VARIABLE = YES;
				IPHONEOS_DEPLOYMENT_TARGET = 14.5;
				MTL_ENABLE_DEBUG_INFO = NO;
				MTL_FAST_MATH = YES;
				SDKROOT = iphoneos;
				SWIFT_COMPILATION_MODE = wholemodule;
				SWIFT_OPTIMIZATION_LEVEL = "-O";
				VALIDATE_PRODUCT = YES;
			};
			name = Release;
		};
		80DB6A0826A1FD700037E401 /* Debug */ = {
			isa = XCBuildConfiguration;
			baseConfigurationReference = C454F5494BD818D74D4E43C0 /* Pods-SeatGeekDemo.debug.xcconfig */;
			buildSettings = {
				ASSETCATALOG_COMPILER_APPICON_NAME = AppIcon;
				ASSETCATALOG_COMPILER_GLOBAL_ACCENT_COLOR_NAME = AccentColor;
				CODE_SIGN_STYLE = Automatic;
				DEVELOPMENT_TEAM = 4QK97U7ZUZ;
				INFOPLIST_FILE = SeatGeekDemo/Info.plist;
				LD_RUNPATH_SEARCH_PATHS = (
					"$(inherited)",
					"@executable_path/Frameworks",
				);
				PRODUCT_BUNDLE_IDENTIFIER = com.pradeep.gian.SeatGeekDemo;
				PRODUCT_NAME = "$(TARGET_NAME)";
				SWIFT_VERSION = 5.0;
				TARGETED_DEVICE_FAMILY = "1,2";
			};
			name = Debug;
		};
		80DB6A0926A1FD700037E401 /* Release */ = {
			isa = XCBuildConfiguration;
			baseConfigurationReference = EC883C9FC28F294E30249451 /* Pods-SeatGeekDemo.release.xcconfig */;
			buildSettings = {
				ASSETCATALOG_COMPILER_APPICON_NAME = AppIcon;
				ASSETCATALOG_COMPILER_GLOBAL_ACCENT_COLOR_NAME = AccentColor;
				CODE_SIGN_STYLE = Automatic;
				DEVELOPMENT_TEAM = 4QK97U7ZUZ;
				INFOPLIST_FILE = SeatGeekDemo/Info.plist;
				LD_RUNPATH_SEARCH_PATHS = (
					"$(inherited)",
					"@executable_path/Frameworks",
				);
				PRODUCT_BUNDLE_IDENTIFIER = com.pradeep.gian.SeatGeekDemo;
				PRODUCT_NAME = "$(TARGET_NAME)";
				SWIFT_VERSION = 5.0;
				TARGETED_DEVICE_FAMILY = "1,2";
			};
			name = Release;
		};
/* End XCBuildConfiguration section */

/* Begin XCConfigurationList section */
		80DB69EE26A1FD6D0037E401 /* Build configuration list for PBXProject "SeatGeekDemo" */ = {
			isa = XCConfigurationList;
			buildConfigurations = (
				80DB6A0526A1FD700037E401 /* Debug */,
				80DB6A0626A1FD700037E401 /* Release */,
			);
			defaultConfigurationIsVisible = 0;
			defaultConfigurationName = Release;
		};
		80DB6A0726A1FD700037E401 /* Build configuration list for PBXNativeTarget "SeatGeekDemo" */ = {
			isa = XCConfigurationList;
			buildConfigurations = (
				80DB6A0826A1FD700037E401 /* Debug */,
				80DB6A0926A1FD700037E401 /* Release */,
			);
			defaultConfigurationIsVisible = 0;
			defaultConfigurationName = Release;
		};
/* End XCConfigurationList section */
	};
	rootObject = 80DB69EB26A1FD6D0037E401 /* Project object */;
}
